{
	"name": "@accordproject/ui-contract-editor",
	"version": "0.98.0",
	"lockfileVersion": 1,
	"requires": true,
	"dependencies": {
		"slate-history": {
			"version": "0.62.0",
			"resolved": "https://registry.npmjs.org/slate-history/-/slate-history-0.62.0.tgz",
			"integrity": "sha512-nE3fihtHV7kUrDO3zNb+DWzQVUg59uKCZVt0r9GafZLiHB98n0X+qqtcjFHerDPDRPkHgqM8UL4wh1jhL4WzmA==",
			"requires": {
				"immer": "^7.0.0",
				"is-plain-object": "^3.0.0"
			},
			"dependencies": {
				"immer": {
					"version": "7.0.15",
					"resolved": "https://registry.npmjs.org/immer/-/immer-7.0.15.tgz",
					"integrity": "sha512-yM7jo9+hvYgvdCQdqvhCNRRio0SCXc8xDPzA25SvKWa7b1WVPjLwQs1VYU5JPXjcJPTqAa5NP5dqpORGYBQ2AA=="
				},
				"is-plain-object": {
					"version": "3.0.1",
					"resolved": "https://registry.npmjs.org/is-plain-object/-/is-plain-object-3.0.1.tgz",
					"integrity": "sha512-Xnpx182SBMrr/aBik8y+GuR4U1L9FqMSojwDQwPMmxyC6bvEqly9UBCxhauBF5vNh2gwWJNX6oDV7O+OM4z34g=="
				}
			}
		}
	}
}
