{
	"name": "@accordproject/ui-contract-editor",
	"version": "0.94.0",
	"lockfileVersion": 1,
	"requires": true,
	"dependencies": {
		"slate-history": {
			"version": "0.58.4",
			"resolved": "https://registry.npmjs.org/slate-history/-/slate-history-0.58.4.tgz",
			"integrity": "sha512-QWmVvB02R+Z+I8sC7Hb+27Zqtm1vDt9kulHjmqRk8ixPp7052S04q4WEjNsk0StrgmEOEd+POvzNGfOYELXitw==",
			"requires": {
				"immer": "^5.0.0",
				"is-plain-object": "^3.0.0"
			},
			"dependencies": {
				"immer": {
					"version": "5.3.6",
					"resolved": "https://registry.npmjs.org/immer/-/immer-5.3.6.tgz",
					"integrity": "sha512-pqWQ6ozVfNOUDjrLfm4Pt7q4Q12cGw2HUZgry4Q5+Myxu9nmHRkWBpI0J4+MK0AxbdFtdMTwEGVl7Vd+vEiK+A=="
				},
				"is-plain-object": {
					"version": "3.0.1",
					"resolved": "https://registry.npmjs.org/is-plain-object/-/is-plain-object-3.0.1.tgz",
					"integrity": "sha512-Xnpx182SBMrr/aBik8y+GuR4U1L9FqMSojwDQwPMmxyC6bvEqly9UBCxhauBF5vNh2gwWJNX6oDV7O+OM4z34g=="
				}
			}
		}
	}
}
